// !$*UTF8*$!
{
	archiveVersion = 1;
	classes = {
	};
	objectVersion = 56;
	objects = {

/* Begin PBXBuildFile section */
		3646A6362B18405600078A7F /* expense_trackerApp.swift in Sources */ = {isa = PBXBuildFile; fileRef = 3646A6352B18405600078A7F /* expense_trackerApp.swift */; };
		3646A6382B18405600078A7F /* ContentView.swift in Sources */ = {isa = PBXBuildFile; fileRef = 3646A6372B18405600078A7F /* ContentView.swift */; };
		3646A63A2B18405700078A7F /* Assets.xcassets in Resources */ = {isa = PBXBuildFile; fileRef = 3646A6392B18405700078A7F /* Assets.xcassets */; };
		3646A63D2B18405700078A7F /* Preview Assets.xcassets in Resources */ = {isa = PBXBuildFile; fileRef = 3646A63C2B18405700078A7F /* Preview Assets.xcassets */; };
		3646A6472B18405800078A7F /* expense_trackerTests.swift in Sources */ = {isa = PBXBuildFile; fileRef = 3646A6462B18405800078A7F /* expense_trackerTests.swift */; };
		3646A6512B18405800078A7F /* expense_trackerUITests.swift in Sources */ = {isa = PBXBuildFile; fileRef = 3646A6502B18405800078A7F /* expense_trackerUITests.swift */; };
		3646A6532B18405800078A7F /* expense_trackerUITestsLaunchTests.swift in Sources */ = {isa = PBXBuildFile; fileRef = 3646A6522B18405800078A7F /* expense_trackerUITestsLaunchTests.swift */; };
		3650ED622B18863F006BB036 /* CurrencyField in Frameworks */ = {isa = PBXBuildFile; productRef = 3650ED612B18863F006BB036 /* CurrencyField */; };
		368CA62B2B1975DD0047D19C /* ImagePicker.swift in Sources */ = {isa = PBXBuildFile; fileRef = 368CA62A2B1975DD0047D19C /* ImagePicker.swift */; };
/* End PBXBuildFile section */

/* Begin PBXContainerItemProxy section */
		3646A6432B18405800078A7F /* PBXContainerItemProxy */ = {
			isa = PBXContainerItemProxy;
			containerPortal = 3646A62A2B18405600078A7F /* Project object */;
			proxyType = 1;
			remoteGlobalIDString = 3646A6312B18405600078A7F;
			remoteInfo = "expense tracker";
		};
		3646A64D2B18405800078A7F /* PBXContainerItemProxy */ = {
			isa = PBXContainerItemProxy;
			containerPortal = 3646A62A2B18405600078A7F /* Project object */;
			proxyType = 1;
			remoteGlobalIDString = 3646A6312B18405600078A7F;
			remoteInfo = "expense tracker";
		};
/* End PBXContainerItemProxy section */

/* Begin PBXFileReference section */
		3646A6322B18405600078A7F /* expense tracker.app */ = {isa = PBXFileReference; explicitFileType = wrapper.application; includeInIndex = 0; path = "expense tracker.app"; sourceTree = BUILT_PRODUCTS_DIR; };
		3646A6352B18405600078A7F /* expense_trackerApp.swift */ = {isa = PBXFileReference; lastKnownFileType = sourcecode.swift; path = expense_trackerApp.swift; sourceTree = "<group>"; };
		3646A6372B18405600078A7F /* ContentView.swift */ = {isa = PBXFileReference; lastKnownFileType = sourcecode.swift; path = ContentView.swift; sourceTree = "<group>"; };
		3646A6392B18405700078A7F /* Assets.xcassets */ = {isa = PBXFileReference; lastKnownFileType = folder.assetcatalog; path = Assets.xcassets; sourceTree = "<group>"; };
		3646A63C2B18405700078A7F /* Preview Assets.xcassets */ = {isa = PBXFileReference; lastKnownFileType = folder.assetcatalog; path = "Preview Assets.xcassets"; sourceTree = "<group>"; };
		3646A6422B18405800078A7F /* expense trackerTests.xctest */ = {isa = PBXFileReference; explicitFileType = wrapper.cfbundle; includeInIndex = 0; path = "expense trackerTests.xctest"; sourceTree = BUILT_PRODUCTS_DIR; };
		3646A6462B18405800078A7F /* expense_trackerTests.swift */ = {isa = PBXFileReference; lastKnownFileType = sourcecode.swift; path = expense_trackerTests.swift; sourceTree = "<group>"; };
		3646A64C2B18405800078A7F /* expense trackerUITests.xctest */ = {isa = PBXFileReference; explicitFileType = wrapper.cfbundle; includeInIndex = 0; path = "expense trackerUITests.xctest"; sourceTree = BUILT_PRODUCTS_DIR; };
		3646A6502B18405800078A7F /* expense_trackerUITests.swift */ = {isa = PBXFileReference; lastKnownFileType = sourcecode.swift; path = expense_trackerUITests.swift; sourceTree = "<group>"; };
		3646A6522B18405800078A7F /* expense_trackerUITestsLaunchTests.swift */ = {isa = PBXFileReference; lastKnownFileType = sourcecode.swift; path = expense_trackerUITestsLaunchTests.swift; sourceTree = "<group>"; };
		368CA62A2B1975DD0047D19C /* ImagePicker.swift */ = {isa = PBXFileReference; lastKnownFileType = sourcecode.swift; path = ImagePicker.swift; sourceTree = "<group>"; };
		368CA62C2B197AF60047D19C /* expense tracker.entitlements */ = {isa = PBXFileReference; lastKnownFileType = text.plist.entitlements; path = "expense tracker.entitlements"; sourceTree = "<group>"; };
		368CA62D2B197B670047D19C /* expense-tracker-Info.plist */ = {isa = PBXFileReference; lastKnownFileType = text.plist; path = "expense-tracker-Info.plist"; sourceTree = SOURCE_ROOT; };
/* End PBXFileReference section */

/* Begin PBXFrameworksBuildPhase section */
		3646A62F2B18405600078A7F /* Frameworks */ = {
			isa = PBXFrameworksBuildPhase;
			buildActionMask = 2147483647;
			files = (
				3650ED622B18863F006BB036 /* CurrencyField in Frameworks */,
			);
			runOnlyForDeploymentPostprocessing = 0;
		};
		3646A63F2B18405800078A7F /* Frameworks */ = {
			isa = PBXFrameworksBuildPhase;
			buildActionMask = 2147483647;
			files = (
			);
			runOnlyForDeploymentPostprocessing = 0;
		};
		3646A6492B18405800078A7F /* Frameworks */ = {
			isa = PBXFrameworksBuildPhase;
			buildActionMask = 2147483647;
			files = (
			);
			runOnlyForDeploymentPostprocessing = 0;
		};
/* End PBXFrameworksBuildPhase section */

/* Begin PBXGroup section */
		3646A6292B18405600078A7F = {
			isa = PBXGroup;
			children = (
				3646A6342B18405600078A7F /* expense tracker */,
				3646A6452B18405800078A7F /* expense trackerTests */,
				3646A64F2B18405800078A7F /* expense trackerUITests */,
				3646A6332B18405600078A7F /* Products */,
			);
			sourceTree = "<group>";
		};
		3646A6332B18405600078A7F /* Products */ = {
			isa = PBXGroup;
			children = (
				3646A6322B18405600078A7F /* expense tracker.app */,
				3646A6422B18405800078A7F /* expense trackerTests.xctest */,
				3646A64C2B18405800078A7F /* expense trackerUITests.xctest */,
			);
			name = Products;
			sourceTree = "<group>";
		};
		3646A6342B18405600078A7F /* expense tracker */ = {
			isa = PBXGroup;
			children = (
				368CA62D2B197B670047D19C /* expense-tracker-Info.plist */,
				368CA62C2B197AF60047D19C /* expense tracker.entitlements */,
				368CA62A2B1975DD0047D19C /* ImagePicker.swift */,
				3646A6352B18405600078A7F /* expense_trackerApp.swift */,
				3646A6372B18405600078A7F /* ContentView.swift */,
				3646A6392B18405700078A7F /* Assets.xcassets */,
				3646A63B2B18405700078A7F /* Preview Content */,
			);
			path = "expense tracker";
			sourceTree = "<group>";
		};
		3646A63B2B18405700078A7F /* Preview Content */ = {
			isa = PBXGroup;
			children = (
				3646A63C2B18405700078A7F /* Preview Assets.xcassets */,
			);
			path = "Preview Content";
			sourceTree = "<group>";
		};
		3646A6452B18405800078A7F /* expense trackerTests */ = {
			isa = PBXGroup;
			children = (
				3646A6462B18405800078A7F /* expense_trackerTests.swift */,
			);
			path = "expense trackerTests";
			sourceTree = "<group>";
		};
		3646A64F2B18405800078A7F /* expense trackerUITests */ = {
			isa = PBXGroup;
			children = (
				3646A6502B18405800078A7F /* expense_trackerUITests.swift */,
				3646A6522B18405800078A7F /* expense_trackerUITestsLaunchTests.swift */,
			);
			path = "expense trackerUITests";
			sourceTree = "<group>";
		};
/* End PBXGroup section */

/* Begin PBXNativeTarget section */
		3646A6312B18405600078A7F /* expense tracker */ = {
			isa = PBXNativeTarget;
			buildConfigurationList = 3646A6562B18405800078A7F /* Build configuration list for PBXNativeTarget "expense tracker" */;
			buildPhases = (
				3646A62E2B18405600078A7F /* Sources */,
				3646A62F2B18405600078A7F /* Frameworks */,
				3646A6302B18405600078A7F /* Resources */,
			);
			buildRules = (
			);
			dependencies = (
			);
			name = "expense tracker";
			packageProductDependencies = (
				3650ED612B18863F006BB036 /* CurrencyField */,
			);
			productName = "expense tracker";
			productReference = 3646A6322B18405600078A7F /* expense tracker.app */;
			productType = "com.apple.product-type.application";
		};
		3646A6412B18405800078A7F /* expense trackerTests */ = {
			isa = PBXNativeTarget;
			buildConfigurationList = 3646A6592B18405800078A7F /* Build configuration list for PBXNativeTarget "expense trackerTests" */;
			buildPhases = (
				3646A63E2B18405800078A7F /* Sources */,
				3646A63F2B18405800078A7F /* Frameworks */,
				3646A6402B18405800078A7F /* Resources */,
			);
			buildRules = (
			);
			dependencies = (
				3646A6442B18405800078A7F /* PBXTargetDependency */,
			);
			name = "expense trackerTests";
			productName = "expense trackerTests";
			productReference = 3646A6422B18405800078A7F /* expense trackerTests.xctest */;
			productType = "com.apple.product-type.bundle.unit-test";
		};
		3646A64B2B18405800078A7F /* expense trackerUITests */ = {
			isa = PBXNativeTarget;
			buildConfigurationList = 3646A65C2B18405800078A7F /* Build configuration list for PBXNativeTarget "expense trackerUITests" */;
			buildPhases = (
				3646A6482B18405800078A7F /* Sources */,
				3646A6492B18405800078A7F /* Frameworks */,
				3646A64A2B18405800078A7F /* Resources */,
			);
			buildRules = (
			);
			dependencies = (
				3646A64E2B18405800078A7F /* PBXTargetDependency */,
			);
			name = "expense trackerUITests";
			productName = "expense trackerUITests";
			productReference = 3646A64C2B18405800078A7F /* expense trackerUITests.xctest */;
			productType = "com.apple.product-type.bundle.ui-testing";
		};
/* End PBXNativeTarget section */

/* Begin PBXProject section */
		3646A62A2B18405600078A7F /* Project object */ = {
			isa = PBXProject;
			attributes = {
				BuildIndependentTargetsInParallel = 1;
				LastSwiftUpdateCheck = 1500;
				LastUpgradeCheck = 1500;
				TargetAttributes = {
					3646A6312B18405600078A7F = {
						CreatedOnToolsVersion = 15.0.1;
					};
					3646A6412B18405800078A7F = {
						CreatedOnToolsVersion = 15.0.1;
						TestTargetID = 3646A6312B18405600078A7F;
					};
					3646A64B2B18405800078A7F = {
						CreatedOnToolsVersion = 15.0.1;
						TestTargetID = 3646A6312B18405600078A7F;
					};
				};
			};
			buildConfigurationList = 3646A62D2B18405600078A7F /* Build configuration list for PBXProject "expense tracker" */;
			compatibilityVersion = "Xcode 14.0";
			developmentRegion = en;
			hasScannedForEncodings = 0;
			knownRegions = (
				en,
				Base,
			);
			mainGroup = 3646A6292B18405600078A7F;
			packageReferences = (
				3650ED602B18863F006BB036 /* XCRemoteSwiftPackageReference "swiftui-currency-field" */,
			);
			productRefGroup = 3646A6332B18405600078A7F /* Products */;
			projectDirPath = "";
			projectRoot = "";
			targets = (
				3646A6312B18405600078A7F /* expense tracker */,
				3646A6412B18405800078A7F /* expense trackerTests */,
				3646A64B2B18405800078A7F /* expense trackerUITests */,
			);
		};
/* End PBXProject section */

/* Begin PBXResourcesBuildPhase section */
		3646A6302B18405600078A7F /* Resources */ = {
			isa = PBXResourcesBuildPhase;
			buildActionMask = 2147483647;
			files = (
				3646A63D2B18405700078A7F /* Preview Assets.xcassets in Resources */,
				3646A63A2B18405700078A7F /* Assets.xcassets in Resources */,
			);
			runOnlyForDeploymentPostprocessing = 0;
		};
		3646A6402B18405800078A7F /* Resources */ = {
			isa = PBXResourcesBuildPhase;
			buildActionMask = 2147483647;
			files = (
			);
			runOnlyForDeploymentPostprocessing = 0;
		};
		3646A64A2B18405800078A7F /* Resources */ = {
			isa = PBXResourcesBuildPhase;
			buildActionMask = 2147483647;
			files = (
			);
			runOnlyForDeploymentPostprocessing = 0;
		};
/* End PBXResourcesBuildPhase section */

/* Begin PBXSourcesBuildPhase section */
		3646A62E2B18405600078A7F /* Sources */ = {
			isa = PBXSourcesBuildPhase;
			buildActionMask = 2147483647;
			files = (
				368CA62B2B1975DD0047D19C /* ImagePicker.swift in Sources */,
				3646A6382B18405600078A7F /* ContentView.swift in Sources */,
				3646A6362B18405600078A7F /* expense_trackerApp.swift in Sources */,
			);
			runOnlyForDeploymentPostprocessing = 0;
		};
		3646A63E2B18405800078A7F /* Sources */ = {
			isa = PBXSourcesBuildPhase;
			buildActionMask = 2147483647;
			files = (
				3646A6472B18405800078A7F /* expense_trackerTests.swift in Sources */,
			);
			runOnlyForDeploymentPostprocessing = 0;
		};
		3646A6482B18405800078A7F /* Sources */ = {
			isa = PBXSourcesBuildPhase;
			buildActionMask = 2147483647;
			files = (
				3646A6532B18405800078A7F /* expense_trackerUITestsLaunchTests.swift in Sources */,
				3646A6512B18405800078A7F /* expense_trackerUITests.swift in Sources */,
			);
			runOnlyForDeploymentPostprocessing = 0;
		};
/* End PBXSourcesBuildPhase section */

/* Begin PBXTargetDependency section */
		3646A6442B18405800078A7F /* PBXTargetDependency */ = {
			isa = PBXTargetDependency;
			target = 3646A6312B18405600078A7F /* expense tracker */;
			targetProxy = 3646A6432B18405800078A7F /* PBXContainerItemProxy */;
		};
		3646A64E2B18405800078A7F /* PBXTargetDependency */ = {
			isa = PBXTargetDependency;
			target = 3646A6312B18405600078A7F /* expense tracker */;
			targetProxy = 3646A64D2B18405800078A7F /* PBXContainerItemProxy */;
		};
/* End PBXTargetDependency section */

/* Begin XCBuildConfiguration section */
		3646A6542B18405800078A7F /* Debug */ = {
			isa = XCBuildConfiguration;
			buildSettings = {
				ALWAYS_SEARCH_USER_PATHS = NO;
				ASSETCATALOG_COMPILER_GENERATE_SWIFT_ASSET_SYMBOL_EXTENSIONS = YES;
				CLANG_ANALYZER_NONNULL = YES;
				CLANG_ANALYZER_NUMBER_OBJECT_CONVERSION = YES_AGGRESSIVE;
				CLANG_CXX_LANGUAGE_STANDARD = "gnu++20";
				CLANG_ENABLE_MODULES = YES;
				CLANG_ENABLE_OBJC_ARC = YES;
				CLANG_ENABLE_OBJC_WEAK = YES;
				CLANG_WARN_BLOCK_CAPTURE_AUTORELEASING = YES;
				CLANG_WARN_BOOL_CONVERSION = YES;
				CLANG_WARN_COMMA = YES;
				CLANG_WARN_CONSTANT_CONVERSION = YES;
				CLANG_WARN_DEPRECATED_OBJC_IMPLEMENTATIONS = YES;
				CLANG_WARN_DIRECT_OBJC_ISA_USAGE = YES_ERROR;
				CLANG_WARN_DOCUMENTATION_COMMENTS = YES;
				CLANG_WARN_EMPTY_BODY = YES;
				CLANG_WARN_ENUM_CONVERSION = YES;
				CLANG_WARN_INFINITE_RECURSION = YES;
				CLANG_WARN_INT_CONVERSION = YES;
				CLANG_WARN_NON_LITERAL_NULL_CONVERSION = YES;
				CLANG_WARN_OBJC_IMPLICIT_RETAIN_SELF = YES;
				CLANG_WARN_OBJC_LITERAL_CONVERSION = YES;
				CLANG_WARN_OBJC_ROOT_CLASS = YES_ERROR;
				CLANG_WARN_QUOTED_INCLUDE_IN_FRAMEWORK_HEADER = YES;
				CLANG_WARN_RANGE_LOOP_ANALYSIS = YES;
				CLANG_WARN_STRICT_PROTOTYPES = YES;
				CLANG_WARN_SUSPICIOUS_MOVE = YES;
				CLANG_WARN_UNGUARDED_AVAILABILITY = YES_AGGRESSIVE;
				CLANG_WARN_UNREACHABLE_CODE = YES;
				CLANG_WARN__DUPLICATE_METHOD_MATCH = YES;
				COPY_PHASE_STRIP = NO;
				DEBUG_INFORMATION_FORMAT = dwarf;
				ENABLE_STRICT_OBJC_MSGSEND = YES;
				ENABLE_TESTABILITY = YES;
				ENABLE_USER_SCRIPT_SANDBOXING = YES;
				GCC_C_LANGUAGE_STANDARD = gnu17;
				GCC_DYNAMIC_NO_PIC = NO;
				GCC_NO_COMMON_BLOCKS = YES;
				GCC_OPTIMIZATION_LEVEL = 0;
				GCC_PREPROCESSOR_DEFINITIONS = (
					"DEBUG=1",
					"$(inherited)",
				);
				GCC_WARN_64_TO_32_BIT_CONVERSION = YES;
				GCC_WARN_ABOUT_RETURN_TYPE = YES_ERROR;
				GCC_WARN_UNDECLARED_SELECTOR = YES;
				GCC_WARN_UNINITIALIZED_AUTOS = YES_AGGRESSIVE;
				GCC_WARN_UNUSED_FUNCTION = YES;
				GCC_WARN_UNUSED_VARIABLE = YES;
				IPHONEOS_DEPLOYMENT_TARGET = 17.0;
				LOCALIZATION_PREFERS_STRING_CATALOGS = YES;
				MTL_ENABLE_DEBUG_INFO = INCLUDE_SOURCE;
				MTL_FAST_MATH = YES;
				ONLY_ACTIVE_ARCH = YES;
				SDKROOT = iphoneos;
				SWIFT_ACTIVE_COMPILATION_CONDITIONS = "DEBUG $(inherited)";
				SWIFT_OPTIMIZATION_LEVEL = "-Onone";
			};
			name = Debug;
		};
		3646A6552B18405800078A7F /* Release */ = {
			isa = XCBuildConfiguration;
			buildSettings = {
				ALWAYS_SEARCH_USER_PATHS = NO;
				ASSETCATALOG_COMPILER_GENERATE_SWIFT_ASSET_SYMBOL_EXTENSIONS = YES;
				CLANG_ANALYZER_NONNULL = YES;
				CLANG_ANALYZER_NUMBER_OBJECT_CONVERSION = YES_AGGRESSIVE;
				CLANG_CXX_LANGUAGE_STANDARD = "gnu++20";
				CLANG_ENABLE_MODULES = YES;
				CLANG_ENABLE_OBJC_ARC = YES;
				CLANG_ENABLE_OBJC_WEAK = YES;
				CLANG_WARN_BLOCK_CAPTURE_AUTORELEASING = YES;
				CLANG_WARN_BOOL_CONVERSION = YES;
				CLANG_WARN_COMMA = YES;
				CLANG_WARN_CONSTANT_CONVERSION = YES;
				CLANG_WARN_DEPRECATED_OBJC_IMPLEMENTATIONS = YES;
				CLANG_WARN_DIRECT_OBJC_ISA_USAGE = YES_ERROR;
				CLANG_WARN_DOCUMENTATION_COMMENTS = YES;
				CLANG_WARN_EMPTY_BODY = YES;
				CLANG_WARN_ENUM_CONVERSION = YES;
				CLANG_WARN_INFINITE_RECURSION = YES;
				CLANG_WARN_INT_CONVERSION = YES;
				CLANG_WARN_NON_LITERAL_NULL_CONVERSION = YES;
				CLANG_WARN_OBJC_IMPLICIT_RETAIN_SELF = YES;
				CLANG_WARN_OBJC_LITERAL_CONVERSION = YES;
				CLANG_WARN_OBJC_ROOT_CLASS = YES_ERROR;
				CLANG_WARN_QUOTED_INCLUDE_IN_FRAMEWORK_HEADER = YES;
				CLANG_WARN_RANGE_LOOP_ANALYSIS = YES;
				CLANG_WARN_STRICT_PROTOTYPES = YES;
				CLANG_WARN_SUSPICIOUS_MOVE = YES;
				CLANG_WARN_UNGUARDED_AVAILABILITY = YES_AGGRESSIVE;
				CLANG_WARN_UNREACHABLE_CODE = YES;
				CLANG_WARN__DUPLICATE_METHOD_MATCH = YES;
				COPY_PHASE_STRIP = NO;
				DEBUG_INFORMATION_FORMAT = "dwarf-with-dsym";
				ENABLE_NS_ASSERTIONS = NO;
				ENABLE_STRICT_OBJC_MSGSEND = YES;
				ENABLE_USER_SCRIPT_SANDBOXING = YES;
				GCC_C_LANGUAGE_STANDARD = gnu17;
				GCC_NO_COMMON_BLOCKS = YES;
				GCC_WARN_64_TO_32_BIT_CONVERSION = YES;
				GCC_WARN_ABOUT_RETURN_TYPE = YES_ERROR;
				GCC_WARN_UNDECLARED_SELECTOR = YES;
				GCC_WARN_UNINITIALIZED_AUTOS = YES_AGGRESSIVE;
				GCC_WARN_UNUSED_FUNCTION = YES;
				GCC_WARN_UNUSED_VARIABLE = YES;
				IPHONEOS_DEPLOYMENT_TARGET = 17.0;
				LOCALIZATION_PREFERS_STRING_CATALOGS = YES;
				MTL_ENABLE_DEBUG_INFO = NO;
				MTL_FAST_MATH = YES;
				SDKROOT = iphoneos;
				SWIFT_COMPILATION_MODE = wholemodule;
				VALIDATE_PRODUCT = YES;
			};
			name = Release;
		};
		3646A6572B18405800078A7F /* Debug */ = {
			isa = XCBuildConfiguration;
			buildSettings = {
				ASSETCATALOG_COMPILER_APPICON_NAME = AppIcon;
				ASSETCATALOG_COMPILER_GLOBAL_ACCENT_COLOR_NAME = AccentColor;
				ASSETCATALOG_COMPILER_INCLUDE_ALL_APPICON_ASSETS = NO;
				CODE_SIGN_ENTITLEMENTS = "expense tracker/expense tracker.entitlements";
				CODE_SIGN_IDENTITY = "Apple Development";
				CODE_SIGN_STYLE = Automatic;
				CURRENT_PROJECT_VERSION = 1;
				DEVELOPMENT_ASSET_PATHS = "\"expense tracker/Preview Content\"";
				DEVELOPMENT_TEAM = MUR6UL7Y3V;
				ENABLE_PREVIEWS = YES;
				GENERATE_INFOPLIST_FILE = YES;
				INFOPLIST_FILE = "expense-tracker-Info.plist";
				INFOPLIST_KEY_UIApplicationSceneManifest_Generation = YES;
				INFOPLIST_KEY_UIApplicationSupportsIndirectInputEvents = YES;
				INFOPLIST_KEY_UILaunchScreen_Generation = YES;
				INFOPLIST_KEY_UISupportedInterfaceOrientations_iPad = "UIInterfaceOrientationPortrait UIInterfaceOrientationPortraitUpsideDown";
				INFOPLIST_KEY_UISupportedInterfaceOrientations_iPhone = UIInterfaceOrientationPortrait;
				LD_RUNPATH_SEARCH_PATHS = (
					"$(inherited)",
					"@executable_path/Frameworks",
				);
				MARKETING_VERSION = 1.0;
				PRODUCT_BUNDLE_IDENTIFIER = "com.github.gianebao.expense-tracker";
				PRODUCT_NAME = "$(TARGET_NAME)";
				PROVISIONING_PROFILE_SPECIFIER = "";
				SWIFT_EMIT_LOC_STRINGS = YES;
				SWIFT_VERSION = 5.0;
				TARGETED_DEVICE_FAMILY = "1,2";
			};
			name = Debug;
		};
		3646A6582B18405800078A7F /* Release */ = {
			isa = XCBuildConfiguration;
			buildSettings = {
				ASSETCATALOG_COMPILER_APPICON_NAME = AppIcon;
				ASSETCATALOG_COMPILER_GLOBAL_ACCENT_COLOR_NAME = AccentColor;
				ASSETCATALOG_COMPILER_INCLUDE_ALL_APPICON_ASSETS = NO;
				CODE_SIGN_ENTITLEMENTS = "expense tracker/expense tracker.entitlements";
				CODE_SIGN_STYLE = Automatic;
				CURRENT_PROJECT_VERSION = 1;
				DEVELOPMENT_ASSET_PATHS = "\"expense tracker/Preview Content\"";
				DEVELOPMENT_TEAM = MUR6UL7Y3V;
				ENABLE_PREVIEWS = YES;
				GENERATE_INFOPLIST_FILE = YES;
				INFOPLIST_FILE = "expense-tracker-Info.plist";
				INFOPLIST_KEY_UIApplicationSceneManifest_Generation = YES;
				INFOPLIST_KEY_UIApplicationSupportsIndirectInputEvents = YES;
				INFOPLIST_KEY_UILaunchScreen_Generation = YES;
				INFOPLIST_KEY_UISupportedInterfaceOrientations_iPad = "UIInterfaceOrientationPortrait UIInterfaceOrientationPortraitUpsideDown";
				INFOPLIST_KEY_UISupportedInterfaceOrientations_iPhone = UIInterfaceOrientationPortrait;
				LD_RUNPATH_SEARCH_PATHS = (
					"$(inherited)",
					"@executable_path/Frameworks",
				);
				MARKETING_VERSION = 1.0;
				PRODUCT_BUNDLE_IDENTIFIER = "com.github.gianebao.expense-tracker";
				PRODUCT_NAME = "$(TARGET_NAME)";
				SWIFT_EMIT_LOC_STRINGS = YES;
				SWIFT_VERSION = 5.0;
				TARGETED_DEVICE_FAMILY = "1,2";
			};
			name = Release;
		};
		3646A65A2B18405800078A7F /* Debug */ = {
			isa = XCBuildConfiguration;
			buildSettings = {
				ALWAYS_EMBED_SWIFT_STANDARD_LIBRARIES = YES;
				BUNDLE_LOADER = "$(TEST_HOST)";
				CODE_SIGN_STYLE = Automatic;
				CURRENT_PROJECT_VERSION = 1;
				DEVELOPMENT_TEAM = MUR6UL7Y3V;
				GENERATE_INFOPLIST_FILE = YES;
				IPHONEOS_DEPLOYMENT_TARGET = 17.0;
				MARKETING_VERSION = 1.0;
				PRODUCT_BUNDLE_IDENTIFIER = "com.github.gianebao.expense-trackerTests";
				PRODUCT_NAME = "$(TARGET_NAME)";
				SWIFT_EMIT_LOC_STRINGS = NO;
				SWIFT_VERSION = 5.0;
				TARGETED_DEVICE_FAMILY = "1,2";
				TEST_HOST = "$(BUILT_PRODUCTS_DIR)/expense tracker.app/$(BUNDLE_EXECUTABLE_FOLDER_PATH)/expense tracker";
			};
			name = Debug;
		};
		3646A65B2B18405800078A7F /* Release */ = {
			isa = XCBuildConfiguration;
			buildSettings = {
				ALWAYS_EMBED_SWIFT_STANDARD_LIBRARIES = YES;
				BUNDLE_LOADER = "$(TEST_HOST)";
				CODE_SIGN_STYLE = Automatic;
				CURRENT_PROJECT_VERSION = 1;
				DEVELOPMENT_TEAM = MUR6UL7Y3V;
				GENERATE_INFOPLIST_FILE = YES;
				IPHONEOS_DEPLOYMENT_TARGET = 17.0;
				MARKETING_VERSION = 1.0;
				PRODUCT_BUNDLE_IDENTIFIER = "com.github.gianebao.expense-trackerTests";
				PRODUCT_NAME = "$(TARGET_NAME)";
				SWIFT_EMIT_LOC_STRINGS = NO;
				SWIFT_VERSION = 5.0;
				TARGETED_DEVICE_FAMILY = "1,2";
				TEST_HOST = "$(BUILT_PRODUCTS_DIR)/expense tracker.app/$(BUNDLE_EXECUTABLE_FOLDER_PATH)/expense tracker";
			};
			name = Release;
		};
		3646A65D2B18405800078A7F /* Debug */ = {
			isa = XCBuildConfiguration;
			buildSettings = {
				ALWAYS_EMBED_SWIFT_STANDARD_LIBRARIES = YES;
				CODE_SIGN_STYLE = Automatic;
				CURRENT_PROJECT_VERSION = 1;
				DEVELOPMENT_TEAM = MUR6UL7Y3V;
				GENERATE_INFOPLIST_FILE = YES;
				MARKETING_VERSION = 1.0;
				PRODUCT_BUNDLE_IDENTIFIER = "com.github.gianebao.expense-trackerUITests";
				PRODUCT_NAME = "$(TARGET_NAME)";
				SWIFT_EMIT_LOC_STRINGS = NO;
				SWIFT_VERSION = 5.0;
				TARGETED_DEVICE_FAMILY = "1,2";
				TEST_TARGET_NAME = "expense tracker";
			};
			name = Debug;
		};
		3646A65E2B18405800078A7F /* Release */ = {
			isa = XCBuildConfiguration;
			buildSettings = {
				ALWAYS_EMBED_SWIFT_STANDARD_LIBRARIES = YES;
				CODE_SIGN_STYLE = Automatic;
				CURRENT_PROJECT_VERSION = 1;
				DEVELOPMENT_TEAM = MUR6UL7Y3V;
				GENERATE_INFOPLIST_FILE = YES;
				MARKETING_VERSION = 1.0;
				PRODUCT_BUNDLE_IDENTIFIER = "com.github.gianebao.expense-trackerUITests";
				PRODUCT_NAME = "$(TARGET_NAME)";
				SWIFT_EMIT_LOC_STRINGS = NO;
				SWIFT_VERSION = 5.0;
				TARGETED_DEVICE_FAMILY = "1,2";
				TEST_TARGET_NAME = "expense tracker";
			};
			name = Release;
		};
/* End XCBuildConfiguration section */

/* Begin XCConfigurationList section */
		3646A62D2B18405600078A7F /* Build configuration list for PBXProject "expense tracker" */ = {
			isa = XCConfigurationList;
			buildConfigurations = (
				3646A6542B18405800078A7F /* Debug */,
				3646A6552B18405800078A7F /* Release */,
			);
			defaultConfigurationIsVisible = 0;
			defaultConfigurationName = Release;
		};
		3646A6562B18405800078A7F /* Build configuration list for PBXNativeTarget "expense tracker" */ = {
			isa = XCConfigurationList;
			buildConfigurations = (
				3646A6572B18405800078A7F /* Debug */,
				3646A6582B18405800078A7F /* Release */,
			);
			defaultConfigurationIsVisible = 0;
			defaultConfigurationName = Release;
		};
		3646A6592B18405800078A7F /* Build configuration list for PBXNativeTarget "expense trackerTests" */ = {
			isa = XCConfigurationList;
			buildConfigurations = (
				3646A65A2B18405800078A7F /* Debug */,
				3646A65B2B18405800078A7F /* Release */,
			);
			defaultConfigurationIsVisible = 0;
			defaultConfigurationName = Release;
		};
		3646A65C2B18405800078A7F /* Build configuration list for PBXNativeTarget "expense trackerUITests" */ = {
			isa = XCConfigurationList;
			buildConfigurations = (
				3646A65D2B18405800078A7F /* Debug */,
				3646A65E2B18405800078A7F /* Release */,
			);
			defaultConfigurationIsVisible = 0;
			defaultConfigurationName = Release;
		};
/* End XCConfigurationList section */

/* Begin XCRemoteSwiftPackageReference section */
		3650ED602B18863F006BB036 /* XCRemoteSwiftPackageReference "swiftui-currency-field" */ = {
			isa = XCRemoteSwiftPackageReference;
			repositoryURL = "https://github.com/jtrinc/swiftui-currency-field.git";
			requirement = {
				kind = upToNextMajorVersion;
				minimumVersion = 1.0.2;
			};
		};
/* End XCRemoteSwiftPackageReference section */

/* Begin XCSwiftPackageProductDependency section */
		3650ED612B18863F006BB036 /* CurrencyField */ = {
			isa = XCSwiftPackageProductDependency;
			package = 3650ED602B18863F006BB036 /* XCRemoteSwiftPackageReference "swiftui-currency-field" */;
			productName = CurrencyField;
		};
/* End XCSwiftPackageProductDependency section */
	};
	rootObject = 3646A62A2B18405600078A7F /* Project object */;
}
